PODS:
  - AFNetworking (3.2.1):
    - AFNetworking/NSURLSession (= 3.2.1)
    - AFNetworking/Reachability (= 3.2.1)
    - AFNetworking/Security (= 3.2.1)
    - AFNetworking/Serialization (= 3.2.1)
    - AFNetworking/UIKit (= 3.2.1)
  - AFNetworking/NSURLSession (3.2.1):
    - AFNetworking/Reachability
    - AFNetworking/Security
    - AFNetworking/Serialization
  - AFNetworking/Reachability (3.2.1)
  - AFNetworking/Security (3.2.1)
  - AFNetworking/Serialization (3.2.1)
  - AFNetworking/UIKit (3.2.1):
    - AFNetworking/NSURLSession
  - AMap2DMap (5.6.1):
    - AMapFoundation (~> 1.4)
  - AMapFoundation (1.6.3)
  - AMapLocation (2.6.5):
    - AMapFoundation (~> 1.6.3)
  - AMapSearch (7.3.0):
    - AMapFoundation (~> 1.6.3)
  - BRPickerView (2.2.1)
  - FMDB (2.7.5):
    - FMDB/standard (= 2.7.5)
  - FMDB/standard (2.7.5)
  - IQKeyboardManager (6.5.5)
  - JSONModel (1.8.0)
  - LCActionSheet (3.5.4):
    - Masonry (~> 1.1.0)
  - Masonry (1.1.0)
  - MBProgressHUD (1.2.0)
  - MGSwipeTableCell (1.6.11)
  - MJExtension (3.2.1)
  - MJRefresh (3.3.1)
  - NJKScrollFullScreen (0.2.6)
  - NMRangeSlider (1.2.1)
  - Pingpp/Alipay (2.2.23):
    - Pingpp/Core
    - PingppAlipaySDK (~> 15.5)
  - Pingpp/Core (2.2.23)
  - Pingpp/Wx (2.2.23):
    - Pingpp/Core
  - PingppAlipaySDK (15.6.8)
  - PPCounter (0.6.0)
  - Qiniu (7.3.2)
  - RegexKitLite-NoWarning (1.1.0)
  - RongCloudIM/IMKit (2.10.4):
    - RongCloudIM/IMLib
  - RongCloudIM/IMLib (2.10.4)
  - SDCycleScrollView (1.75):
    - SDWebImage (>= 4.0.0)
  - SDWebImage (4.4.8):
    - SDWebImage/Core (= 4.4.8)
  - SDWebImage/Core (4.4.8)
  - SVProgressHUD (2.2.5)
  - TYAttributedLabel (2.6.6)
  - "UITableView+FDTemplateLayoutCell (1.6)"
  - Underscore.m (0.3.0)
  - XYIAPKit (1.0.1):
    - XYIAPKit/Core (= 1.0.1)
  - XYIAPKit/Core (1.0.1)
  - XYIAPKit/iTunesReceiptVerify (1.0.1):
    - XYIAPKit/Core
    - YYModel (~> 1.0.4)
  - YTKKeyValueStore (0.1.2):
    - FMDB (~> 2.0)
  - YYModel (1.0.4)

DEPENDENCIES:
  - AFNetworking (~> 3.2.1)
  - AMap2DMap
  - AMapFoundation
  - AMapLocation
  - AMapSearch
  - BRPickerView (~> 2.2.1)
  - IQKeyboardManager
  - JSONModel
  - LCActionSheet
  - Masonry
  - MBProgressHUD
  - MGSwipeTableCell
  - MJExtension
  - MJRefresh
  - NJKScrollFullScreen
  - NMRangeSlider
  - Pingpp/Alipay
  - Pingpp/Wx
  - PPCounter
  - Qiniu
  - RegexKitLite-NoWarning
  - RongCloudIM/IMKit
  - RongCloudIM/IMLib
  - SDCycleScrollView
  - SDWebImage (~> 4.4.3)
  - SVProgressHUD
  - TYAttributedLabel
  - "UITableView+FDTemplateLayoutCell"
  - Underscore.m
  - XYIAPKit
  - XYIAPKit/iTunesReceiptVerify
  - YTKKeyValueStore
  - YYModel

SPEC REPOS:
  https://github.com/cocoapods/specs.git:
    - AFNetworking
    - AMap2DMap
    - AMapFoundation
    - AMapLocation
    - AMapSearch
    - BRPickerView
    - FMDB
    - IQKeyboardManager
    - JSONModel
    - LCActionSheet
    - Masonry
    - MBProgressHUD
    - MGSwipeTableCell
    - MJExtension
    - MJRefresh
    - NJKScrollFullScreen
    - NMRangeSlider
    - Pingpp
    - PingppAlipaySDK
    - PPCounter
    - Qiniu
    - RegexKitLite-NoWarning
    - RongCloudIM
    - SDCycleScrollView
    - SDWebImage
    - SVProgressHUD
    - TYAttributedLabel
    - "UITableView+FDTemplateLayoutCell"
    - Underscore.m
    - XYIAPKit
    - YTKKeyValueStore
    - YYModel

SPEC CHECKSUMS:
  AFNetworking: b6f891fdfaed196b46c7a83cf209e09697b94057
  AMap2DMap: cac76bc057de18a1641f34df6b50bf5bc6b23571
  AMapFoundation: 9ed923193b357ebb30a073e9fe255d3c24054d5a
  AMapLocation: c566d448285cd502c1e313063d9e2460bd4d7100
  AMapSearch: a048bcca3bf0b8083345070e1f193f814bd8dc01
  BRPickerView: 0590a8c5de9bd98c6b4e4f117a3dff6de287d5b2
  FMDB: 2ce00b547f966261cd18927a3ddb07cb6f3db82a
  IQKeyboardManager: 3a8b9e603f8b0eeaf5f096a1f2b2cfcf121992ef
  JSONModel: 02ab723958366a3fd27da57ea2af2113658762e9
  LCActionSheet: a015dee43c54c8f6631e86facd9e2ad59dc1b5ab
  Masonry: 678fab65091a9290e40e2832a55e7ab731aad201
  MBProgressHUD: 3ee5efcc380f6a79a7cc9b363dd669c5e1ae7406
  MGSwipeTableCell: b804e4e450dee439c42250be90bd50458bf67fce
  MJExtension: 635f2c663dcb1bf76fa4b715b2570a5710aec545
  MJRefresh: eeda70fbf0ad277f3178cef1cd0c3532591d6237
  NJKScrollFullScreen: 13e370f935da7385b92779644b31df8d83a91447
  NMRangeSlider: 317ded652431eb90501c8421d9cddc3930d891e6
  Pingpp: 37559ecb34bf0d7a43e0ba9bba19fcb4653e8db3
  PingppAlipaySDK: 6d5a707177b563b4db4b21b92db8c2145091d341
  PPCounter: da37c0d8bfeeffe7ef4c331468203e17f2e30fbf
  Qiniu: a248627a07bb8a39c6a11ae8059b7161c363539b
  RegexKitLite-NoWarning: 365d208f8187997e33d9de8baeddfc00728596d8
  RongCloudIM: 741d6f0e655b8fd77c63ee34071d4f9bf146aae6
  SDCycleScrollView: 884b88f0266dd4708a0e1934975c69cb971707b1
  SDWebImage: 783af2c3fa36291a250030c4752ee370a9a51d13
  SVProgressHUD: 1428aafac632c1f86f62aa4243ec12008d7a51d6
  TYAttributedLabel: cb8fc910d97eb5224936d4f692a78e042af691b2
  "UITableView+FDTemplateLayoutCell": 5c949b4a5059c404b442926c0e80f81d10a2d66f
  Underscore.m: dc9ca06fe2c9a79d01ce20c3d2c1e8f91f2d92dc
  XYIAPKit: 639c88d24659e2aab61fcf9f88d6d0034f8b9204
  YTKKeyValueStore: 4d002941540dd5108fa23009b71e0f2f937f7a0f
  YYModel: 2a7fdd96aaa4b86a824e26d0c517de8928c04b30

PODFILE CHECKSUM: ae38231d040142aab357dd88f6d1872bbd766910

COCOAPODS: 1.7.1
